// !$*UTF8*$!
{
	archiveVersion = 1;
	classes = {
	};
	objectVersion = 56;
	objects = {

/* Begin PBXBuildFile section */
		859B79AB29BA8A1500E2F18A /* AppMain.swift in Sources */ = {isa = PBXBuildFile; fileRef = 859B79AA29BA8A1500E2F18A /* AppMain.swift */; };
		859B79AD29BA8A7900E2F18A /* Estructuras.swift in Sources */ = {isa = PBXBuildFile; fileRef = 859B79AC29BA8A7900E2F18A /* Estructuras.swift */; };
		859B79AF29BA98E900E2F18A /* ImagePickerView.swift in Sources */ = {isa = PBXBuildFile; fileRef = 859B79AE29BA98E900E2F18A /* ImagePickerView.swift */; };
		9AA2804C29BA3610007FDB05 /* ReporteIncidenciasApp.swift in Sources */ = {isa = PBXBuildFile; fileRef = 9AA2804B29BA3610007FDB05 /* ReporteIncidenciasApp.swift */; };
		9AA2804E29BA3610007FDB05 /* ContentView.swift in Sources */ = {isa = PBXBuildFile; fileRef = 9AA2804D29BA3610007FDB05 /* ContentView.swift */; };
		9AA2805029BA3612007FDB05 /* Assets.xcassets in Resources */ = {isa = PBXBuildFile; fileRef = 9AA2804F29BA3612007FDB05 /* Assets.xcassets */; };
		9AA2805329BA3612007FDB05 /* Preview Assets.xcassets in Resources */ = {isa = PBXBuildFile; fileRef = 9AA2805229BA3612007FDB05 /* Preview Assets.xcassets */; };
		9AA2805E29BA38B8007FDB05 /* NavBarView.swift in Sources */ = {isa = PBXBuildFile; fileRef = 9AA2805D29BA38B8007FDB05 /* NavBarView.swift */; };
		9AA2806029BA3900007FDB05 /* AppRouter.swift in Sources */ = {isa = PBXBuildFile; fileRef = 9AA2805F29BA38FF007FDB05 /* AppRouter.swift */; };
		9AA2806329BA39B7007FDB05 /* RegisterView.swift in Sources */ = {isa = PBXBuildFile; fileRef = 9AA2806229BA39B7007FDB05 /* RegisterView.swift */; };
		9AA2806529BA3F8E007FDB05 /* Incidencias.swift in Sources */ = {isa = PBXBuildFile; fileRef = 9AA2806429BA3F8E007FDB05 /* Incidencias.swift */; };
		9AA2806829BA522B007FDB05 /* IncidenciaRowView.swift in Sources */ = {isa = PBXBuildFile; fileRef = 9AA2806729BA522B007FDB05 /* IncidenciaRowView.swift */; };
		9AA2806A29BA5375007FDB05 /* IncidenciaDetailsView.swift in Sources */ = {isa = PBXBuildFile; fileRef = 9AA2806929BA5375007FDB05 /* IncidenciaDetailsView.swift */; };
		9AA2806C29BA544C007FDB05 /* CircleImageView.swift in Sources */ = {isa = PBXBuildFile; fileRef = 9AA2806B29BA544C007FDB05 /* CircleImageView.swift */; };
/* End PBXBuildFile section */

/* Begin PBXFileReference section */
		859B79AA29BA8A1500E2F18A /* AppMain.swift */ = {isa = PBXFileReference; lastKnownFileType = sourcecode.swift; path = AppMain.swift; sourceTree = "<group>"; };
		859B79AC29BA8A7900E2F18A /* Estructuras.swift */ = {isa = PBXFileReference; lastKnownFileType = sourcecode.swift; path = Estructuras.swift; sourceTree = "<group>"; };
		859B79AE29BA98E900E2F18A /* ImagePickerView.swift */ = {isa = PBXFileReference; lastKnownFileType = sourcecode.swift; path = ImagePickerView.swift; sourceTree = "<group>"; };
		9AA2804829BA3610007FDB05 /* ReporteIncidencias.app */ = {isa = PBXFileReference; explicitFileType = wrapper.application; includeInIndex = 0; path = ReporteIncidencias.app; sourceTree = BUILT_PRODUCTS_DIR; };
		9AA2804B29BA3610007FDB05 /* ReporteIncidenciasApp.swift */ = {isa = PBXFileReference; lastKnownFileType = sourcecode.swift; path = ReporteIncidenciasApp.swift; sourceTree = "<group>"; };
		9AA2804D29BA3610007FDB05 /* ContentView.swift */ = {isa = PBXFileReference; lastKnownFileType = sourcecode.swift; path = ContentView.swift; sourceTree = "<group>"; };
		9AA2804F29BA3612007FDB05 /* Assets.xcassets */ = {isa = PBXFileReference; lastKnownFileType = folder.assetcatalog; path = Assets.xcassets; sourceTree = "<group>"; };
		9AA2805229BA3612007FDB05 /* Preview Assets.xcassets */ = {isa = PBXFileReference; lastKnownFileType = folder.assetcatalog; path = "Preview Assets.xcassets"; sourceTree = "<group>"; };
		9AA2805D29BA38B8007FDB05 /* NavBarView.swift */ = {isa = PBXFileReference; lastKnownFileType = sourcecode.swift; path = NavBarView.swift; sourceTree = "<group>"; };
		9AA2805F29BA38FF007FDB05 /* AppRouter.swift */ = {isa = PBXFileReference; lastKnownFileType = sourcecode.swift; path = AppRouter.swift; sourceTree = "<group>"; };
		9AA2806229BA39B7007FDB05 /* RegisterView.swift */ = {isa = PBXFileReference; lastKnownFileType = sourcecode.swift; path = RegisterView.swift; sourceTree = "<group>"; };
		9AA2806429BA3F8E007FDB05 /* Incidencias.swift */ = {isa = PBXFileReference; lastKnownFileType = sourcecode.swift; path = Incidencias.swift; sourceTree = "<group>"; };
		9AA2806729BA522B007FDB05 /* IncidenciaRowView.swift */ = {isa = PBXFileReference; lastKnownFileType = sourcecode.swift; path = IncidenciaRowView.swift; sourceTree = "<group>"; };
		9AA2806929BA5375007FDB05 /* IncidenciaDetailsView.swift */ = {isa = PBXFileReference; lastKnownFileType = sourcecode.swift; path = IncidenciaDetailsView.swift; sourceTree = "<group>"; };
		9AA2806B29BA544C007FDB05 /* CircleImageView.swift */ = {isa = PBXFileReference; lastKnownFileType = sourcecode.swift; path = CircleImageView.swift; sourceTree = "<group>"; };
/* End PBXFileReference section */

/* Begin PBXFrameworksBuildPhase section */
		9AA2804529BA3610007FDB05 /* Frameworks */ = {
			isa = PBXFrameworksBuildPhase;
			buildActionMask = 2147483647;
			files = (
			);
			runOnlyForDeploymentPostprocessing = 0;
		};
/* End PBXFrameworksBuildPhase section */

/* Begin PBXGroup section */
		9AA2803F29BA3610007FDB05 = {
			isa = PBXGroup;
			children = (
				9AA2804A29BA3610007FDB05 /* ReporteIncidencias */,
				9AA2804929BA3610007FDB05 /* Products */,
			);
			sourceTree = "<group>";
		};
		9AA2804929BA3610007FDB05 /* Products */ = {
			isa = PBXGroup;
			children = (
				9AA2804829BA3610007FDB05 /* ReporteIncidencias.app */,
			);
			name = Products;
			sourceTree = "<group>";
		};
		9AA2804A29BA3610007FDB05 /* ReporteIncidencias */ = {
			isa = PBXGroup;
			children = (
				9AA2805C29BA3881007FDB05 /* Provider */,
				9AA2805B29BA3821007FDB05 /* UseCases */,
				9AA2805A29BA3815007FDB05 /* Model */,
				9AA2805929BA3808007FDB05 /* Router */,
				9AA2804B29BA3610007FDB05 /* ReporteIncidenciasApp.swift */,
				9AA2804D29BA3610007FDB05 /* ContentView.swift */,
				9AA2804F29BA3612007FDB05 /* Assets.xcassets */,
				9AA2805129BA3612007FDB05 /* Preview Content */,
			);
			path = ReporteIncidencias;
			sourceTree = "<group>";
		};
		9AA2805129BA3612007FDB05 /* Preview Content */ = {
			isa = PBXGroup;
			children = (
				9AA2805229BA3612007FDB05 /* Preview Assets.xcassets */,
			);
			path = "Preview Content";
			sourceTree = "<group>";
		};
		9AA2805929BA3808007FDB05 /* Router */ = {
			isa = PBXGroup;
			children = (
				9AA2805F29BA38FF007FDB05 /* AppRouter.swift */,
			);
			path = Router;
			sourceTree = "<group>";
		};
		9AA2805A29BA3815007FDB05 /* Model */ = {
			isa = PBXGroup;
			children = (
				9AA2806429BA3F8E007FDB05 /* Incidencias.swift */,
			);
			path = Model;
			sourceTree = "<group>";
		};
		9AA2805B29BA3821007FDB05 /* UseCases */ = {
			isa = PBXGroup;
			children = (
				9AA2806629BA5214007FDB05 /* Home */,
				9AA2806129BA39A3007FDB05 /* Register */,
				9AA2805D29BA38B8007FDB05 /* NavBarView.swift */,
				859B79AE29BA98E900E2F18A /* ImagePickerView.swift */,
			);
			path = UseCases;
			sourceTree = "<group>";
		};
		9AA2805C29BA3881007FDB05 /* Provider */ = {
			isa = PBXGroup;
			children = (
				859B79AA29BA8A1500E2F18A /* AppMain.swift */,
				859B79AC29BA8A7900E2F18A /* Estructuras.swift */,
			);
			path = Provider;
			sourceTree = "<group>";
		};
		9AA2806129BA39A3007FDB05 /* Register */ = {
			isa = PBXGroup;
			children = (
				9AA2806229BA39B7007FDB05 /* RegisterView.swift */,
			);
			path = Register;
			sourceTree = "<group>";
		};
		9AA2806629BA5214007FDB05 /* Home */ = {
			isa = PBXGroup;
			children = (
				9AA2806729BA522B007FDB05 /* IncidenciaRowView.swift */,
				9AA2806929BA5375007FDB05 /* IncidenciaDetailsView.swift */,
				9AA2806B29BA544C007FDB05 /* CircleImageView.swift */,
			);
			path = Home;
			sourceTree = "<group>";
		};
/* End PBXGroup section */

/* Begin PBXNativeTarget section */
		9AA2804729BA3610007FDB05 /* ReporteIncidencias */ = {
			isa = PBXNativeTarget;
			buildConfigurationList = 9AA2805629BA3612007FDB05 /* Build configuration list for PBXNativeTarget "ReporteIncidencias" */;
			buildPhases = (
				9AA2804429BA3610007FDB05 /* Sources */,
				9AA2804529BA3610007FDB05 /* Frameworks */,
				9AA2804629BA3610007FDB05 /* Resources */,
			);
			buildRules = (
			);
			dependencies = (
			);
			name = ReporteIncidencias;
			productName = ReporteIncidencias;
			productReference = 9AA2804829BA3610007FDB05 /* ReporteIncidencias.app */;
			productType = "com.apple.product-type.application";
		};
/* End PBXNativeTarget section */

/* Begin PBXProject section */
		9AA2804029BA3610007FDB05 /* Project object */ = {
			isa = PBXProject;
			attributes = {
				BuildIndependentTargetsInParallel = 1;
				LastSwiftUpdateCheck = 1410;
				LastUpgradeCheck = 1410;
				TargetAttributes = {
					9AA2804729BA3610007FDB05 = {
						CreatedOnToolsVersion = 14.1;
					};
				};
			};
			buildConfigurationList = 9AA2804329BA3610007FDB05 /* Build configuration list for PBXProject "ReporteIncidencias" */;
			compatibilityVersion = "Xcode 14.0";
			developmentRegion = en;
			hasScannedForEncodings = 0;
			knownRegions = (
				en,
				Base,
			);
			mainGroup = 9AA2803F29BA3610007FDB05;
			productRefGroup = 9AA2804929BA3610007FDB05 /* Products */;
			projectDirPath = "";
			projectRoot = "";
			targets = (
				9AA2804729BA3610007FDB05 /* ReporteIncidencias */,
			);
		};
/* End PBXProject section */

/* Begin PBXResourcesBuildPhase section */
		9AA2804629BA3610007FDB05 /* Resources */ = {
			isa = PBXResourcesBuildPhase;
			buildActionMask = 2147483647;
			files = (
				9AA2805329BA3612007FDB05 /* Preview Assets.xcassets in Resources */,
				9AA2805029BA3612007FDB05 /* Assets.xcassets in Resources */,
			);
			runOnlyForDeploymentPostprocessing = 0;
		};
/* End PBXResourcesBuildPhase section */

/* Begin PBXSourcesBuildPhase section */
		9AA2804429BA3610007FDB05 /* Sources */ = {
			isa = PBXSourcesBuildPhase;
			buildActionMask = 2147483647;
			files = (
				9AA2806029BA3900007FDB05 /* AppRouter.swift in Sources */,
				9AA2806C29BA544C007FDB05 /* CircleImageView.swift in Sources */,
				859B79AD29BA8A7900E2F18A /* Estructuras.swift in Sources */,
				9AA2806329BA39B7007FDB05 /* RegisterView.swift in Sources */,
				859B79AF29BA98E900E2F18A /* ImagePickerView.swift in Sources */,
				9AA2806829BA522B007FDB05 /* IncidenciaRowView.swift in Sources */,
				859B79AB29BA8A1500E2F18A /* AppMain.swift in Sources */,
				9AA2806529BA3F8E007FDB05 /* Incidencias.swift in Sources */,
				9AA2804E29BA3610007FDB05 /* ContentView.swift in Sources */,
				9AA2805E29BA38B8007FDB05 /* NavBarView.swift in Sources */,
				9AA2806A29BA5375007FDB05 /* IncidenciaDetailsView.swift in Sources */,
				9AA2804C29BA3610007FDB05 /* ReporteIncidenciasApp.swift in Sources */,
			);
			runOnlyForDeploymentPostprocessing = 0;
		};
/* End PBXSourcesBuildPhase section */

/* Begin XCBuildConfiguration section */
		9AA2805429BA3612007FDB05 /* Debug */ = {
			isa = XCBuildConfiguration;
			buildSettings = {
				ALWAYS_SEARCH_USER_PATHS = NO;
				CLANG_ANALYZER_NONNULL = YES;
				CLANG_ANALYZER_NUMBER_OBJECT_CONVERSION = YES_AGGRESSIVE;
				CLANG_CXX_LANGUAGE_STANDARD = "gnu++20";
				CLANG_ENABLE_MODULES = YES;
				CLANG_ENABLE_OBJC_ARC = YES;
				CLANG_ENABLE_OBJC_WEAK = YES;
				CLANG_WARN_BLOCK_CAPTURE_AUTORELEASING = YES;
				CLANG_WARN_BOOL_CONVERSION = YES;
				CLANG_WARN_COMMA = YES;
				CLANG_WARN_CONSTANT_CONVERSION = YES;
				CLANG_WARN_DEPRECATED_OBJC_IMPLEMENTATIONS = YES;
				CLANG_WARN_DIRECT_OBJC_ISA_USAGE = YES_ERROR;
				CLANG_WARN_DOCUMENTATION_COMMENTS = YES;
				CLANG_WARN_EMPTY_BODY = YES;
				CLANG_WARN_ENUM_CONVERSION = YES;
				CLANG_WARN_INFINITE_RECURSION = YES;
				CLANG_WARN_INT_CONVERSION = YES;
				CLANG_WARN_NON_LITERAL_NULL_CONVERSION = YES;
				CLANG_WARN_OBJC_IMPLICIT_RETAIN_SELF = YES;
				CLANG_WARN_OBJC_LITERAL_CONVERSION = YES;
				CLANG_WARN_OBJC_ROOT_CLASS = YES_ERROR;
				CLANG_WARN_QUOTED_INCLUDE_IN_FRAMEWORK_HEADER = YES;
				CLANG_WARN_RANGE_LOOP_ANALYSIS = YES;
				CLANG_WARN_STRICT_PROTOTYPES = YES;
				CLANG_WARN_SUSPICIOUS_MOVE = YES;
				CLANG_WARN_UNGUARDED_AVAILABILITY = YES_AGGRESSIVE;
				CLANG_WARN_UNREACHABLE_CODE = YES;
				CLANG_WARN__DUPLICATE_METHOD_MATCH = YES;
				COPY_PHASE_STRIP = NO;
				DEBUG_INFORMATION_FORMAT = dwarf;
				ENABLE_STRICT_OBJC_MSGSEND = YES;
				ENABLE_TESTABILITY = YES;
				GCC_C_LANGUAGE_STANDARD = gnu11;
				GCC_DYNAMIC_NO_PIC = NO;
				GCC_NO_COMMON_BLOCKS = YES;
				GCC_OPTIMIZATION_LEVEL = 0;
				GCC_PREPROCESSOR_DEFINITIONS = (
					"DEBUG=1",
					"$(inherited)",
				);
				GCC_WARN_64_TO_32_BIT_CONVERSION = YES;
				GCC_WARN_ABOUT_RETURN_TYPE = YES_ERROR;
				GCC_WARN_UNDECLARED_SELECTOR = YES;
				GCC_WARN_UNINITIALIZED_AUTOS = YES_AGGRESSIVE;
				GCC_WARN_UNUSED_FUNCTION = YES;
				GCC_WARN_UNUSED_VARIABLE = YES;
				IPHONEOS_DEPLOYMENT_TARGET = 16.1;
				MTL_ENABLE_DEBUG_INFO = INCLUDE_SOURCE;
				MTL_FAST_MATH = YES;
				ONLY_ACTIVE_ARCH = YES;
				SDKROOT = iphoneos;
				SWIFT_ACTIVE_COMPILATION_CONDITIONS = DEBUG;
				SWIFT_OPTIMIZATION_LEVEL = "-Onone";
			};
			name = Debug;
		};
		9AA2805529BA3612007FDB05 /* Release */ = {
			isa = XCBuildConfiguration;
			buildSettings = {
				ALWAYS_SEARCH_USER_PATHS = NO;
				CLANG_ANALYZER_NONNULL = YES;
				CLANG_ANALYZER_NUMBER_OBJECT_CONVERSION = YES_AGGRESSIVE;
				CLANG_CXX_LANGUAGE_STANDARD = "gnu++20";
				CLANG_ENABLE_MODULES = YES;
				CLANG_ENABLE_OBJC_ARC = YES;
				CLANG_ENABLE_OBJC_WEAK = YES;
				CLANG_WARN_BLOCK_CAPTURE_AUTORELEASING = YES;
				CLANG_WARN_BOOL_CONVERSION = YES;
				CLANG_WARN_COMMA = YES;
				CLANG_WARN_CONSTANT_CONVERSION = YES;
				CLANG_WARN_DEPRECATED_OBJC_IMPLEMENTATIONS = YES;
				CLANG_WARN_DIRECT_OBJC_ISA_USAGE = YES_ERROR;
				CLANG_WARN_DOCUMENTATION_COMMENTS = YES;
				CLANG_WARN_EMPTY_BODY = YES;
				CLANG_WARN_ENUM_CONVERSION = YES;
				CLANG_WARN_INFINITE_RECURSION = YES;
				CLANG_WARN_INT_CONVERSION = YES;
				CLANG_WARN_NON_LITERAL_NULL_CONVERSION = YES;
				CLANG_WARN_OBJC_IMPLICIT_RETAIN_SELF = YES;
				CLANG_WARN_OBJC_LITERAL_CONVERSION = YES;
				CLANG_WARN_OBJC_ROOT_CLASS = YES_ERROR;
				CLANG_WARN_QUOTED_INCLUDE_IN_FRAMEWORK_HEADER = YES;
				CLANG_WARN_RANGE_LOOP_ANALYSIS = YES;
				CLANG_WARN_STRICT_PROTOTYPES = YES;
				CLANG_WARN_SUSPICIOUS_MOVE = YES;
				CLANG_WARN_UNGUARDED_AVAILABILITY = YES_AGGRESSIVE;
				CLANG_WARN_UNREACHABLE_CODE = YES;
				CLANG_WARN__DUPLICATE_METHOD_MATCH = YES;
				COPY_PHASE_STRIP = NO;
				DEBUG_INFORMATION_FORMAT = "dwarf-with-dsym";
				ENABLE_NS_ASSERTIONS = NO;
				ENABLE_STRICT_OBJC_MSGSEND = YES;
				GCC_C_LANGUAGE_STANDARD = gnu11;
				GCC_NO_COMMON_BLOCKS = YES;
				GCC_WARN_64_TO_32_BIT_CONVERSION = YES;
				GCC_WARN_ABOUT_RETURN_TYPE = YES_ERROR;
				GCC_WARN_UNDECLARED_SELECTOR = YES;
				GCC_WARN_UNINITIALIZED_AUTOS = YES_AGGRESSIVE;
				GCC_WARN_UNUSED_FUNCTION = YES;
				GCC_WARN_UNUSED_VARIABLE = YES;
				IPHONEOS_DEPLOYMENT_TARGET = 16.1;
				MTL_ENABLE_DEBUG_INFO = NO;
				MTL_FAST_MATH = YES;
				SDKROOT = iphoneos;
				SWIFT_COMPILATION_MODE = wholemodule;
				SWIFT_OPTIMIZATION_LEVEL = "-O";
				VALIDATE_PRODUCT = YES;
			};
			name = Release;
		};
		9AA2805729BA3612007FDB05 /* Debug */ = {
			isa = XCBuildConfiguration;
			buildSettings = {
				ASSETCATALOG_COMPILER_APPICON_NAME = AppIcon;
				ASSETCATALOG_COMPILER_GLOBAL_ACCENT_COLOR_NAME = AccentColor;
				CODE_SIGN_STYLE = Automatic;
				CURRENT_PROJECT_VERSION = 1;
				DEVELOPMENT_ASSET_PATHS = "\"ReporteIncidencias/Preview Content\"";
				DEVELOPMENT_TEAM = Q8X6JWMA9S;
				ENABLE_PREVIEWS = YES;
				GENERATE_INFOPLIST_FILE = YES;
				INFOPLIST_KEY_NSCameraUsageDescription = "Permitir el uso de la camara?";
				INFOPLIST_KEY_UIApplicationSceneManifest_Generation = YES;
				INFOPLIST_KEY_UIApplicationSupportsIndirectInputEvents = YES;
				INFOPLIST_KEY_UILaunchScreen_Generation = YES;
				INFOPLIST_KEY_UISupportedInterfaceOrientations_iPad = "UIInterfaceOrientationPortrait UIInterfaceOrientationPortraitUpsideDown UIInterfaceOrientationLandscapeLeft UIInterfaceOrientationLandscapeRight";
				INFOPLIST_KEY_UISupportedInterfaceOrientations_iPhone = "UIInterfaceOrientationPortrait UIInterfaceOrientationLandscapeLeft UIInterfaceOrientationLandscapeRight";
				IPHONEOS_DEPLOYMENT_TARGET = 15.0;
				LD_RUNPATH_SEARCH_PATHS = (
					"$(inherited)",
					"@executable_path/Frameworks",
				);
				MARKETING_VERSION = 1.0;
				PRODUCT_BUNDLE_IDENTIFIER = com.nativapp.reto.ReporteIncidencias;
				PRODUCT_NAME = "$(TARGET_NAME)";
				SWIFT_EMIT_LOC_STRINGS = YES;
				SWIFT_VERSION = 5.0;
				TARGETED_DEVICE_FAMILY = "1,2";
			};
			name = Debug;
		};
		9AA2805829BA3612007FDB05 /* Release */ = {
			isa = XCBuildConfiguration;
			buildSettings = {
				ASSETCATALOG_COMPILER_APPICON_NAME = AppIcon;
				ASSETCATALOG_COMPILER_GLOBAL_ACCENT_COLOR_NAME = AccentColor;
				CODE_SIGN_STYLE = Automatic;
				CURRENT_PROJECT_VERSION = 1;
				DEVELOPMENT_ASSET_PATHS = "\"ReporteIncidencias/Preview Content\"";
				DEVELOPMENT_TEAM = Q8X6JWMA9S;
				ENABLE_PREVIEWS = YES;
				GENERATE_INFOPLIST_FILE = YES;
				INFOPLIST_KEY_NSCameraUsageDescription = "Permitir el uso de la camara?";
				INFOPLIST_KEY_UIApplicationSceneManifest_Generation = YES;
				INFOPLIST_KEY_UIApplicationSupportsIndirectInputEvents = YES;
				INFOPLIST_KEY_UILaunchScreen_Generation = YES;
				INFOPLIST_KEY_UISupportedInterfaceOrientations_iPad = "UIInterfaceOrientationPortrait UIInterfaceOrientationPortraitUpsideDown UIInterfaceOrientationLandscapeLeft UIInterfaceOrientationLandscapeRight";
				INFOPLIST_KEY_UISupportedInterfaceOrientations_iPhone = "UIInterfaceOrientationPortrait UIInterfaceOrientationLandscapeLeft UIInterfaceOrientationLandscapeRight";
				IPHONEOS_DEPLOYMENT_TARGET = 15.0;
				LD_RUNPATH_SEARCH_PATHS = (
					"$(inherited)",
					"@executable_path/Frameworks",
				);
				MARKETING_VERSION = 1.0;
				PRODUCT_BUNDLE_IDENTIFIER = com.nativapp.reto.ReporteIncidencias;
				PRODUCT_NAME = "$(TARGET_NAME)";
				SWIFT_EMIT_LOC_STRINGS = YES;
				SWIFT_VERSION = 5.0;
				TARGETED_DEVICE_FAMILY = "1,2";
			};
			name = Release;
		};
/* End XCBuildConfiguration section */

/* Begin XCConfigurationList section */
		9AA2804329BA3610007FDB05 /* Build configuration list for PBXProject "ReporteIncidencias" */ = {
			isa = XCConfigurationList;
			buildConfigurations = (
				9AA2805429BA3612007FDB05 /* Debug */,
				9AA2805529BA3612007FDB05 /* Release */,
			);
			defaultConfigurationIsVisible = 0;
			defaultConfigurationName = Release;
		};
		9AA2805629BA3612007FDB05 /* Build configuration list for PBXNativeTarget "ReporteIncidencias" */ = {
			isa = XCConfigurationList;
			buildConfigurations = (
				9AA2805729BA3612007FDB05 /* Debug */,
				9AA2805829BA3612007FDB05 /* Release */,
			);
			defaultConfigurationIsVisible = 0;
			defaultConfigurationName = Release;
		};
/* End XCConfigurationList section */
	};
	rootObject = 9AA2804029BA3610007FDB05 /* Project object */;
}
